
Microsoft Visual Studio Solution File, Format Version 11.00
# Visual Studio 2010
Project("{FAE04EC0-301F-11D3-BF4B-00C04F79EFBC}") = "AngularTest", "AngularTest\AngularTest.csproj", "{F9D698F4-6517-47E8-AC13-81C76B4C383D}"
EndProject
Global
	GlobalSection(SolutionConfigurationPlatforms) = preSolution
		Debug|Any CPU = Debug|Any CPU
		Release|Any CPU = Release|Any CPU
	EndGlobalSection
	GlobalSection(ProjectConfigurationPlatforms) = postSolution
		{F9D698F4-6517-47E8-AC13-81C76B4C383D}.Debug|Any CPU.ActiveCfg = Debug|Any CPU
		{F9D698F4-6517-47E8-AC13-81C76B4C383D}.Debug|Any CPU.Build.0 = Debug|Any CPU
		{F9D698F4-6517-47E8-AC13-81C76B4C383D}.Release|Any CPU.ActiveCfg = Release|Any CPU
		{F9D698F4-6517-47E8-AC13-81C76B4C383D}.Release|Any CPU.Build.0 = Release|Any CPU
	EndGlobalSection
	GlobalSection(SolutionProperties) = preSolution
		HideSolutionNode = FALSE
	EndGlobalSection
EndGlobal
